
Microsoft Visual Studio Solution File, Format Version 12.00
# Visual Studio Version 17
VisualStudioVersion = 17.6.33801.468
MinimumVisualStudioVersion = 10.0.40219.1
Project("{FAE04EC0-301F-11D3-BF4B-00C04F79EFBC}") = "Infrastructure", "..\Infrastructure\Infrastructure.csproj", "{DA469F9E-06C6-4D5F-91C2-DB57F2F01A6D}"
EndProject
Project("{FAE04EC0-301F-11D3-BF4B-00C04F79EFBC}") = "WebService.Business", "..\WebService.Business\WebService.Business.csproj", "{EE234E4B-BDFB-4ABE-A0EB-15AFA60C0FAD}"
EndProject
Project("{FAE04EC0-301F-11D3-BF4B-00C04F79EFBC}") = "WebService.DataAccess", "..\WebService.DataAccess\WebService.DataAccess.csproj", "{EDB2E0D0-6B12-4989-B5BA-30F05E48700E}"
EndProject
Project("{FAE04EC0-301F-11D3-BF4B-00C04F79EFBC}") = "WebService.Model", "..\WebService.Model\WebService.Model.csproj", "{D1D6F7D4-2FBB-40DE-9B59-E3E7FA468844}"
EndProject
Project("{FAE04EC0-301F-11D3-BF4B-00C04F79EFBC}") = "WebService.WebAPI", "..\WebService.WebAPI\WebService.WebAPI.csproj", "{5E51F059-A1F9-4123-ACD4-089FB3751A62}"
EndProject
Global
	GlobalSection(SolutionConfigurationPlatforms) = preSolution
		Debug|Any CPU = Debug|Any CPU
		Release|Any CPU = Release|Any CPU
	EndGlobalSection
	GlobalSection(ProjectConfigurationPlatforms) = postSolution
		{DA469F9E-06C6-4D5F-91C2-DB57F2F01A6D}.Debug|Any CPU.ActiveCfg = Debug|Any CPU
		{DA469F9E-06C6-4D5F-91C2-DB57F2F01A6D}.Debug|Any CPU.Build.0 = Debug|Any CPU
		{DA469F9E-06C6-4D5F-91C2-DB57F2F01A6D}.Release|Any CPU.ActiveCfg = Release|Any CPU
		{DA469F9E-06C6-4D5F-91C2-DB57F2F01A6D}.Release|Any CPU.Build.0 = Release|Any CPU
		{EE234E4B-BDFB-4ABE-A0EB-15AFA60C0FAD}.Debug|Any CPU.ActiveCfg = Debug|Any CPU
		{EE234E4B-BDFB-4ABE-A0EB-15AFA60C0FAD}.Debug|Any CPU.Build.0 = Debug|Any CPU
		{EE234E4B-BDFB-4ABE-A0EB-15AFA60C0FAD}.Release|Any CPU.ActiveCfg = Release|Any CPU
		{EE234E4B-BDFB-4ABE-A0EB-15AFA60C0FAD}.Release|Any CPU.Build.0 = Release|Any CPU
		{EDB2E0D0-6B12-4989-B5BA-30F05E48700E}.Debug|Any CPU.ActiveCfg = Debug|Any CPU
		{EDB2E0D0-6B12-4989-B5BA-30F05E48700E}.Debug|Any CPU.Build.0 = Debug|Any CPU
		{EDB2E0D0-6B12-4989-B5BA-30F05E48700E}.Release|Any CPU.ActiveCfg = Release|Any CPU
		{EDB2E0D0-6B12-4989-B5BA-30F05E48700E}.Release|Any CPU.Build.0 = Release|Any CPU
		{D1D6F7D4-2FBB-40DE-9B59-E3E7FA468844}.Debug|Any CPU.ActiveCfg = Debug|Any CPU
		{D1D6F7D4-2FBB-40DE-9B59-E3E7FA468844}.Debug|Any CPU.Build.0 = Debug|Any CPU
		{D1D6F7D4-2FBB-40DE-9B59-E3E7FA468844}.Release|Any CPU.ActiveCfg = Release|Any CPU
		{D1D6F7D4-2FBB-40DE-9B59-E3E7FA468844}.Release|Any CPU.Build.0 = Release|Any CPU
		{5E51F059-A1F9-4123-ACD4-089FB3751A62}.Debug|Any CPU.ActiveCfg = Debug|Any CPU
		{5E51F059-A1F9-4123-ACD4-089FB3751A62}.Debug|Any CPU.Build.0 = Debug|Any CPU
		{5E51F059-A1F9-4123-ACD4-089FB3751A62}.Release|Any CPU.ActiveCfg = Release|Any CPU
		{5E51F059-A1F9-4123-ACD4-089FB3751A62}.Release|Any CPU.Build.0 = Release|Any CPU
	EndGlobalSection
	GlobalSection(SolutionProperties) = preSolution
		HideSolutionNode = FALSE
	EndGlobalSection
	GlobalSection(ExtensibilityGlobals) = postSolution
		SolutionGuid = {C8BD5602-3CCD-41E9-8A42-56BF5D587D20}
	EndGlobalSection
EndGlobal
